<?xml version="1.0" encoding="utf-8"?>
<Project ToolsVersion="16.0" xmlns="http://schemas.microsoft.com/developer/msbuild/2003">
  <ItemGroup>
    <ClCompile Include="C:\Users\hmgics\projects\learn_cv_with_cpp\Module_12\ex03_vector_add\answer\src\main.cpp">
      <Filter>Source Files</Filter>
    </ClCompile>
  </ItemGroup>
  <ItemGroup>
    <CudaCompile Include="..\src\vector_add.cu">
      <Filter>Source Files</Filter>
    </CudaCompile>
  </ItemGroup>
  <ItemGroup>
    <CustomBuild Include="C:\Users\hmgics\projects\learn_cv_with_cpp\Module_12\ex03_vector_add\answer\CMakeLists.txt" />
  </ItemGroup>
  <ItemGroup>
    <Filter Include="Source Files">
      <UniqueIdentifier>{B9D4A503-CC96-3CA2-9433-FFF316FB2BF5}</UniqueIdentifier>
    </Filter>
  </ItemGroup>
</Project>
